
Microsoft Visual Studio Solution File, Format Version 12.00
# Visual Studio Version 16
VisualStudioVersion = 16.0.30611.23
MinimumVisualStudioVersion = 10.0.40219.1
Project("{FAE04EC0-301F-11D3-BF4B-00C04F79EFBC}") = "Simulations.Evolution.Visual", "Simulations.Evolution.Visual\Simulations.Evolution.Visual.csproj", "{4BB8A651-3700-493C-A80D-3367DE9C5BA9}"
EndProject
Project("{FAE04EC0-301F-11D3-BF4B-00C04F79EFBC}") = "RazorPainter", "RazorPainter\RazorPainter.csproj", "{B647B98B-0C50-4F33-9E74-8AD5D44C35E1}"
EndProject
Global
	GlobalSection(SolutionConfigurationPlatforms) = preSolution
		Debug|Any CPU = Debug|Any CPU
		Release|Any CPU = Release|Any CPU
	EndGlobalSection
	GlobalSection(ProjectConfigurationPlatforms) = postSolution
		{4BB8A651-3700-493C-A80D-3367DE9C5BA9}.Debug|Any CPU.ActiveCfg = Debug|Any CPU
		{4BB8A651-3700-493C-A80D-3367DE9C5BA9}.Debug|Any CPU.Build.0 = Debug|Any CPU
		{4BB8A651-3700-493C-A80D-3367DE9C5BA9}.Release|Any CPU.ActiveCfg = Release|Any CPU
		{4BB8A651-3700-493C-A80D-3367DE9C5BA9}.Release|Any CPU.Build.0 = Release|Any CPU
		{B647B98B-0C50-4F33-9E74-8AD5D44C35E1}.Debug|Any CPU.ActiveCfg = Debug|Any CPU
		{B647B98B-0C50-4F33-9E74-8AD5D44C35E1}.Debug|Any CPU.Build.0 = Debug|Any CPU
		{B647B98B-0C50-4F33-9E74-8AD5D44C35E1}.Release|Any CPU.ActiveCfg = Release|Any CPU
		{B647B98B-0C50-4F33-9E74-8AD5D44C35E1}.Release|Any CPU.Build.0 = Release|Any CPU
	EndGlobalSection
	GlobalSection(SolutionProperties) = preSolution
		HideSolutionNode = FALSE
	EndGlobalSection
	GlobalSection(ExtensibilityGlobals) = postSolution
		SolutionGuid = {1AC7A8A5-56B2-485C-A1E9-AF0308176D5B}
	EndGlobalSection
EndGlobal
